
Microsoft Visual Studio Solution File, Format Version 12.00
# Visual Studio Version 17
VisualStudioVersion = 17.12.35527.113 d17.12
MinimumVisualStudioVersion = 10.0.40219.1
Project("{FAE04EC0-301F-11D3-BF4B-00C04F79EFBC}") = "PracticeIMDB", "PracticeIMDB\PracticeIMDB.csproj", "{DCAA4497-D54E-4EA7-B9E7-C3D047CB1AE7}"
EndProject
Global
	GlobalSection(SolutionConfigurationPlatforms) = preSolution
		Debug|Any CPU = Debug|Any CPU
		Release|Any CPU = Release|Any CPU
	EndGlobalSection
	GlobalSection(ProjectConfigurationPlatforms) = postSolution
		{DCAA4497-D54E-4EA7-B9E7-C3D047CB1AE7}.Debug|Any CPU.ActiveCfg = Debug|Any CPU
		{DCAA4497-D54E-4EA7-B9E7-C3D047CB1AE7}.Debug|Any CPU.Build.0 = Debug|Any CPU
		{DCAA4497-D54E-4EA7-B9E7-C3D047CB1AE7}.Release|Any CPU.ActiveCfg = Release|Any CPU
		{DCAA4497-D54E-4EA7-B9E7-C3D047CB1AE7}.Release|Any CPU.Build.0 = Release|Any CPU
	EndGlobalSection
	GlobalSection(SolutionProperties) = preSolution
		HideSolutionNode = FALSE
	EndGlobalSection
EndGlobal
